
Microsoft Visual Studio Solution File, Format Version 11.00
# Visual Studio 2010
Project("{FAE04EC0-301F-11D3-BF4B-00C04F79EFBC}") = "PdfPrinter.WebServices", "PdfPrinter.WebServices.csproj", "{AA64A0E8-053B-433B-BE32-AF3D527F6E46}"
EndProject
Project("{FAE04EC0-301F-11D3-BF4B-00C04F79EFBC}") = "PdfPrinter.Core", "..\PdfPrinterCore\PdfPrinter.Core.csproj", "{9945400E-322D-4151-9ADD-3A7477559E21}"
EndProject
Global
	GlobalSection(SolutionConfigurationPlatforms) = preSolution
		Debug|Any CPU = Debug|Any CPU
		Release|Any CPU = Release|Any CPU
	EndGlobalSection
	GlobalSection(ProjectConfigurationPlatforms) = postSolution
		{AA64A0E8-053B-433B-BE32-AF3D527F6E46}.Debug|Any CPU.ActiveCfg = Debug|Any CPU
		{AA64A0E8-053B-433B-BE32-AF3D527F6E46}.Debug|Any CPU.Build.0 = Debug|Any CPU
		{AA64A0E8-053B-433B-BE32-AF3D527F6E46}.Release|Any CPU.ActiveCfg = Release|Any CPU
		{AA64A0E8-053B-433B-BE32-AF3D527F6E46}.Release|Any CPU.Build.0 = Release|Any CPU
		{9945400E-322D-4151-9ADD-3A7477559E21}.Debug|Any CPU.ActiveCfg = Debug|Any CPU
		{9945400E-322D-4151-9ADD-3A7477559E21}.Debug|Any CPU.Build.0 = Debug|Any CPU
		{9945400E-322D-4151-9ADD-3A7477559E21}.Release|Any CPU.ActiveCfg = Release|Any CPU
		{9945400E-322D-4151-9ADD-3A7477559E21}.Release|Any CPU.Build.0 = Release|Any CPU
	EndGlobalSection
	GlobalSection(SolutionProperties) = preSolution
		HideSolutionNode = FALSE
	EndGlobalSection
EndGlobal
