
Microsoft Visual Studio Solution File, Format Version 11.00
# Visual Studio 2010
Project("{E24C65DC-7377-472B-9ABA-BC803B73C61A}") = "WSViaticos", ".", "{E4EA1FF8-FD47-49E0-948A-26CE1F0B4B16}"
	ProjectSection(WebsiteProperties) = preProject
		SccProjectName = ""
		SccAuxPath = ""
		SccLocalPath = ""
		SccProvider = ""
		TargetFrameworkMoniker = ".NETFramework,Version%3Dv4.0"
		ProjectReferences = "{D6802AD2-A6E1-4612-8F01-811E926A1D2E}|General.dll;"
		Debug.AspNetCompiler.VirtualPath = "/WSViaticos"
		Debug.AspNetCompiler.PhysicalPath = "..\..\..\..\..\..\Repositorios\licencias-viaticos-web\WebAsistencia\WSViaticos\"
		Debug.AspNetCompiler.TargetPath = "PrecompiledWeb\WSViaticos\"
		Debug.AspNetCompiler.Updateable = "true"
		Debug.AspNetCompiler.ForceOverwrite = "true"
		Debug.AspNetCompiler.FixedNames = "false"
		Debug.AspNetCompiler.Debug = "True"
		Release.AspNetCompiler.VirtualPath = "/WSViaticos"
		Release.AspNetCompiler.PhysicalPath = "..\..\..\..\..\..\Repositorios\licencias-viaticos-web\WebAsistencia\WSViaticos\"
		Release.AspNetCompiler.TargetPath = "PrecompiledWeb\WSViaticos\"
		Release.AspNetCompiler.Updateable = "true"
		Release.AspNetCompiler.ForceOverwrite = "true"
		Release.AspNetCompiler.FixedNames = "false"
		Release.AspNetCompiler.Debug = "False"
		VWDPort = "14599"
	EndProjectSection
EndProject
Project("{FAE04EC0-301F-11D3-BF4B-00C04F79EFBC}") = "General", "..\..\ProyectoNet\General\General.csproj", "{D6802AD2-A6E1-4612-8F01-811E926A1D2E}"
EndProject
Global
	GlobalSection(SolutionConfigurationPlatforms) = preSolution
		Debug|Any CPU = Debug|Any CPU
		Release|Any CPU = Release|Any CPU
	EndGlobalSection
	GlobalSection(ProjectConfigurationPlatforms) = postSolution
		{E4EA1FF8-FD47-49E0-948A-26CE1F0B4B16}.Debug|Any CPU.ActiveCfg = Debug|Any CPU
		{E4EA1FF8-FD47-49E0-948A-26CE1F0B4B16}.Debug|Any CPU.Build.0 = Debug|Any CPU
		{E4EA1FF8-FD47-49E0-948A-26CE1F0B4B16}.Release|Any CPU.ActiveCfg = Debug|Any CPU
		{E4EA1FF8-FD47-49E0-948A-26CE1F0B4B16}.Release|Any CPU.Build.0 = Debug|Any CPU
		{D6802AD2-A6E1-4612-8F01-811E926A1D2E}.Debug|Any CPU.ActiveCfg = Debug|Any CPU
		{D6802AD2-A6E1-4612-8F01-811E926A1D2E}.Debug|Any CPU.Build.0 = Debug|Any CPU
		{D6802AD2-A6E1-4612-8F01-811E926A1D2E}.Release|Any CPU.ActiveCfg = Release|Any CPU
		{D6802AD2-A6E1-4612-8F01-811E926A1D2E}.Release|Any CPU.Build.0 = Release|Any CPU
	EndGlobalSection
	GlobalSection(SolutionProperties) = preSolution
		HideSolutionNode = FALSE
	EndGlobalSection
EndGlobal
