
Microsoft Visual Studio Solution File, Format Version 12.00
# Visual Studio Version 16
VisualStudioVersion = 16.0.29411.108
MinimumVisualStudioVersion = 10.0.40219.1
Project("{FAE04EC0-301F-11D3-BF4B-00C04F79EFBC}") = "General", "..\ProyectoNet\General\General.csproj", "{D6802AD2-A6E1-4612-8F01-811E926A1D2E}"
EndProject
Project("{E24C65DC-7377-472B-9ABA-BC803B73C61A}") = "WSViaticos", "WSViaticos\", "{D1CFEFAB-1202-4294-A2C0-D8D7C6D91094}"
	ProjectSection(WebsiteProperties) = preProject
		SccProjectName = ""
		SccAuxPath = ""
		SccLocalPath = ""
		SccProvider = ""
		TargetFrameworkMoniker = ".NETFramework,Version%3Dv4.0"
		ProjectReferences = "{D6802AD2-A6E1-4612-8F01-811E926A1D2E}|General.dll;"
		Debug.AspNetCompiler.VirtualPath = "/WSViaticos"
		Debug.AspNetCompiler.PhysicalPath = "WSViaticos\"
		Debug.AspNetCompiler.TargetPath = "PrecompiledWeb\WSViaticos\"
		Debug.AspNetCompiler.Updateable = "true"
		Debug.AspNetCompiler.ForceOverwrite = "true"
		Debug.AspNetCompiler.FixedNames = "false"
		Debug.AspNetCompiler.Debug = "True"
		Release.AspNetCompiler.VirtualPath = "/WSViaticos"
		Release.AspNetCompiler.PhysicalPath = "WSViaticos\"
		Release.AspNetCompiler.TargetPath = "PrecompiledWeb\WSViaticos\"
		Release.AspNetCompiler.Updateable = "true"
		Release.AspNetCompiler.ForceOverwrite = "true"
		Release.AspNetCompiler.FixedNames = "false"
		Release.AspNetCompiler.Debug = "False"
		VWDPort = "43412"
		VWDDynamicPort = "true"
		SlnRelativePath = "WSViaticos\"
	EndProjectSection
EndProject
Project("{E24C65DC-7377-472B-9ABA-BC803B73C61A}") = "WebRH", "WebRH\", "{A75712E4-258D-405D-A2F3-082E5C1C0E7F}"
	ProjectSection(WebsiteProperties) = preProject
		SccProjectName = ""
		SccAuxPath = ""
		SccLocalPath = ""
		SccProvider = ""
		TargetFrameworkMoniker = ".NETFramework,Version%3Dv4.6.1"
		ProjectReferences = "{f7b7d1d3-a6ae-4c4e-ac5e-d62bede90643}|WebRhUI.dll;"
		Debug.AspNetCompiler.VirtualPath = "/WebRH"
		Debug.AspNetCompiler.PhysicalPath = "WebRH\"
		Debug.AspNetCompiler.TargetPath = "PrecompiledWeb\WebRH\"
		Debug.AspNetCompiler.Updateable = "true"
		Debug.AspNetCompiler.ForceOverwrite = "true"
		Debug.AspNetCompiler.FixedNames = "false"
		Debug.AspNetCompiler.Debug = "True"
		Release.AspNetCompiler.VirtualPath = "/WebRH"
		Release.AspNetCompiler.PhysicalPath = "WebRH\"
		Release.AspNetCompiler.TargetPath = "PrecompiledWeb\WebRH\"
		Release.AspNetCompiler.Updateable = "true"
		Release.AspNetCompiler.ForceOverwrite = "true"
		Release.AspNetCompiler.FixedNames = "false"
		Release.AspNetCompiler.Debug = "False"
		VWDPort = "43414"
		VWDDynamicPort = "false"
		VWDVirtualPath = "/"
		SlnRelativePath = "WebRH\"
	EndProjectSection
	ProjectSection(ProjectDependencies) = postProject
		{D1CFEFAB-1202-4294-A2C0-D8D7C6D91094} = {D1CFEFAB-1202-4294-A2C0-D8D7C6D91094}
	EndProjectSection
EndProject
Project("{FAE04EC0-301F-11D3-BF4B-00C04F79EFBC}") = "TestViaticos", "..\TestViaticos\TestViaticos.csproj", "{C284778C-6A84-4887-AFC3-04700EEFAAB8}"
EndProject
Project("{2150E333-8FDC-42A3-9474-1A3956D46DE8}") = "Solution Items", "Solution Items", "{A78BC6D1-B2C3-4E92-B04C-E6A1E0410DC9}"
	ProjectSection(SolutionItems) = preProject
		Local.testsettings = Local.testsettings
		TraceAndTestImpact.testsettings = TraceAndTestImpact.testsettings
		WSWebRH3.vsmdi = WSWebRH3.vsmdi
	EndProjectSection
EndProject
Project("{FAE04EC0-301F-11D3-BF4B-00C04F79EFBC}") = "WebRhUI", "WebRhUI\WebRhUI.csproj", "{F7B7D1D3-A6AE-4C4E-AC5E-D62BEDE90643}"
EndProject
Global
	GlobalSection(SolutionConfigurationPlatforms) = preSolution
		Debug|.NET = Debug|.NET
		Debug|Any CPU = Debug|Any CPU
		Debug|Mixed Platforms = Debug|Mixed Platforms
		Debug|x86 = Debug|x86
		Release|.NET = Release|.NET
		Release|Any CPU = Release|Any CPU
		Release|Mixed Platforms = Release|Mixed Platforms
		Release|x86 = Release|x86
	EndGlobalSection
	GlobalSection(ProjectConfigurationPlatforms) = postSolution
		{D6802AD2-A6E1-4612-8F01-811E926A1D2E}.Debug|.NET.ActiveCfg = Debug|Any CPU
		{D6802AD2-A6E1-4612-8F01-811E926A1D2E}.Debug|Any CPU.ActiveCfg = Debug|Any CPU
		{D6802AD2-A6E1-4612-8F01-811E926A1D2E}.Debug|Any CPU.Build.0 = Debug|Any CPU
		{D6802AD2-A6E1-4612-8F01-811E926A1D2E}.Debug|Mixed Platforms.ActiveCfg = Debug|Any CPU
		{D6802AD2-A6E1-4612-8F01-811E926A1D2E}.Debug|Mixed Platforms.Build.0 = Debug|Any CPU
		{D6802AD2-A6E1-4612-8F01-811E926A1D2E}.Debug|x86.ActiveCfg = Debug|Any CPU
		{D6802AD2-A6E1-4612-8F01-811E926A1D2E}.Release|.NET.ActiveCfg = Release|Any CPU
		{D6802AD2-A6E1-4612-8F01-811E926A1D2E}.Release|Any CPU.ActiveCfg = Release|Any CPU
		{D6802AD2-A6E1-4612-8F01-811E926A1D2E}.Release|Any CPU.Build.0 = Release|Any CPU
		{D6802AD2-A6E1-4612-8F01-811E926A1D2E}.Release|Mixed Platforms.ActiveCfg = Release|Any CPU
		{D6802AD2-A6E1-4612-8F01-811E926A1D2E}.Release|Mixed Platforms.Build.0 = Release|Any CPU
		{D6802AD2-A6E1-4612-8F01-811E926A1D2E}.Release|x86.ActiveCfg = Release|Any CPU
		{D1CFEFAB-1202-4294-A2C0-D8D7C6D91094}.Debug|.NET.ActiveCfg = Debug|Any CPU
		{D1CFEFAB-1202-4294-A2C0-D8D7C6D91094}.Debug|Any CPU.ActiveCfg = Debug|Any CPU
		{D1CFEFAB-1202-4294-A2C0-D8D7C6D91094}.Debug|Any CPU.Build.0 = Debug|Any CPU
		{D1CFEFAB-1202-4294-A2C0-D8D7C6D91094}.Debug|Mixed Platforms.ActiveCfg = Debug|Any CPU
		{D1CFEFAB-1202-4294-A2C0-D8D7C6D91094}.Debug|Mixed Platforms.Build.0 = Debug|Any CPU
		{D1CFEFAB-1202-4294-A2C0-D8D7C6D91094}.Debug|x86.ActiveCfg = Debug|Any CPU
		{D1CFEFAB-1202-4294-A2C0-D8D7C6D91094}.Release|.NET.ActiveCfg = Debug|Any CPU
		{D1CFEFAB-1202-4294-A2C0-D8D7C6D91094}.Release|Any CPU.ActiveCfg = Debug|Any CPU
		{D1CFEFAB-1202-4294-A2C0-D8D7C6D91094}.Release|Any CPU.Build.0 = Debug|Any CPU
		{D1CFEFAB-1202-4294-A2C0-D8D7C6D91094}.Release|Mixed Platforms.ActiveCfg = Debug|Any CPU
		{D1CFEFAB-1202-4294-A2C0-D8D7C6D91094}.Release|Mixed Platforms.Build.0 = Debug|Any CPU
		{D1CFEFAB-1202-4294-A2C0-D8D7C6D91094}.Release|x86.ActiveCfg = Debug|Any CPU
		{A75712E4-258D-405D-A2F3-082E5C1C0E7F}.Debug|.NET.ActiveCfg = Debug|Any CPU
		{A75712E4-258D-405D-A2F3-082E5C1C0E7F}.Debug|Any CPU.ActiveCfg = Debug|Any CPU
		{A75712E4-258D-405D-A2F3-082E5C1C0E7F}.Debug|Any CPU.Build.0 = Debug|Any CPU
		{A75712E4-258D-405D-A2F3-082E5C1C0E7F}.Debug|Mixed Platforms.ActiveCfg = Debug|Any CPU
		{A75712E4-258D-405D-A2F3-082E5C1C0E7F}.Debug|Mixed Platforms.Build.0 = Debug|Any CPU
		{A75712E4-258D-405D-A2F3-082E5C1C0E7F}.Debug|x86.ActiveCfg = Debug|Any CPU
		{A75712E4-258D-405D-A2F3-082E5C1C0E7F}.Release|.NET.ActiveCfg = Debug|Any CPU
		{A75712E4-258D-405D-A2F3-082E5C1C0E7F}.Release|Any CPU.ActiveCfg = Debug|Any CPU
		{A75712E4-258D-405D-A2F3-082E5C1C0E7F}.Release|Any CPU.Build.0 = Debug|Any CPU
		{A75712E4-258D-405D-A2F3-082E5C1C0E7F}.Release|Mixed Platforms.ActiveCfg = Debug|Any CPU
		{A75712E4-258D-405D-A2F3-082E5C1C0E7F}.Release|Mixed Platforms.Build.0 = Debug|Any CPU
		{A75712E4-258D-405D-A2F3-082E5C1C0E7F}.Release|x86.ActiveCfg = Debug|Any CPU
		{C284778C-6A84-4887-AFC3-04700EEFAAB8}.Debug|.NET.ActiveCfg = Debug|Any CPU
		{C284778C-6A84-4887-AFC3-04700EEFAAB8}.Debug|Any CPU.ActiveCfg = Debug|Any CPU
		{C284778C-6A84-4887-AFC3-04700EEFAAB8}.Debug|Any CPU.Build.0 = Debug|Any CPU
		{C284778C-6A84-4887-AFC3-04700EEFAAB8}.Debug|Mixed Platforms.ActiveCfg = Debug|Any CPU
		{C284778C-6A84-4887-AFC3-04700EEFAAB8}.Debug|Mixed Platforms.Build.0 = Debug|Any CPU
		{C284778C-6A84-4887-AFC3-04700EEFAAB8}.Debug|x86.ActiveCfg = Debug|Any CPU
		{C284778C-6A84-4887-AFC3-04700EEFAAB8}.Release|.NET.ActiveCfg = Release|Any CPU
		{C284778C-6A84-4887-AFC3-04700EEFAAB8}.Release|Any CPU.ActiveCfg = Release|Any CPU
		{C284778C-6A84-4887-AFC3-04700EEFAAB8}.Release|Any CPU.Build.0 = Release|Any CPU
		{C284778C-6A84-4887-AFC3-04700EEFAAB8}.Release|Mixed Platforms.ActiveCfg = Release|Any CPU
		{C284778C-6A84-4887-AFC3-04700EEFAAB8}.Release|Mixed Platforms.Build.0 = Release|Any CPU
		{C284778C-6A84-4887-AFC3-04700EEFAAB8}.Release|x86.ActiveCfg = Release|Any CPU
		{F7B7D1D3-A6AE-4C4E-AC5E-D62BEDE90643}.Debug|.NET.ActiveCfg = Debug|Any CPU
		{F7B7D1D3-A6AE-4C4E-AC5E-D62BEDE90643}.Debug|Any CPU.ActiveCfg = Debug|Any CPU
		{F7B7D1D3-A6AE-4C4E-AC5E-D62BEDE90643}.Debug|Any CPU.Build.0 = Debug|Any CPU
		{F7B7D1D3-A6AE-4C4E-AC5E-D62BEDE90643}.Debug|Mixed Platforms.ActiveCfg = Debug|Any CPU
		{F7B7D1D3-A6AE-4C4E-AC5E-D62BEDE90643}.Debug|Mixed Platforms.Build.0 = Debug|Any CPU
		{F7B7D1D3-A6AE-4C4E-AC5E-D62BEDE90643}.Debug|x86.ActiveCfg = Debug|Any CPU
		{F7B7D1D3-A6AE-4C4E-AC5E-D62BEDE90643}.Release|.NET.ActiveCfg = Release|Any CPU
		{F7B7D1D3-A6AE-4C4E-AC5E-D62BEDE90643}.Release|Any CPU.ActiveCfg = Release|Any CPU
		{F7B7D1D3-A6AE-4C4E-AC5E-D62BEDE90643}.Release|Any CPU.Build.0 = Release|Any CPU
		{F7B7D1D3-A6AE-4C4E-AC5E-D62BEDE90643}.Release|Mixed Platforms.ActiveCfg = Release|Any CPU
		{F7B7D1D3-A6AE-4C4E-AC5E-D62BEDE90643}.Release|Mixed Platforms.Build.0 = Release|Any CPU
		{F7B7D1D3-A6AE-4C4E-AC5E-D62BEDE90643}.Release|x86.ActiveCfg = Release|Any CPU
	EndGlobalSection
	GlobalSection(SolutionProperties) = preSolution
		HideSolutionNode = FALSE
	EndGlobalSection
	GlobalSection(ExtensibilityGlobals) = postSolution
		SolutionGuid = {EE3962C2-B066-4ACE-9349-3FA1289A02E0}
	EndGlobalSection
	GlobalSection(TestCaseManagementSettings) = postSolution
		CategoryFile = WSWebRH3.vsmdi
	EndGlobalSection
	GlobalSection(SubversionScc) = preSolution
		Svn-Managed = True
		Manager = AnkhSVN - Subversion Support for Visual Studio
	EndGlobalSection
EndGlobal
