
Microsoft Visual Studio Solution File, Format Version 11.00
# Visual Studio 2010
Project("{FAE04EC0-301F-11D3-BF4B-00C04F79EFBC}") = "TestViaticos", "TestViaticos.csproj", "{C284778C-6A84-4887-AFC3-04700EEFAAB8}"
EndProject
Project("{FAE04EC0-301F-11D3-BF4B-00C04F79EFBC}") = "General", "..\ProyectoNet\General\General.csproj", "{D6802AD2-A6E1-4612-8F01-811E926A1D2E}"
EndProject
Global
	GlobalSection(SolutionConfigurationPlatforms) = preSolution
		Debug|Any CPU = Debug|Any CPU
		Release|Any CPU = Release|Any CPU
	EndGlobalSection
	GlobalSection(ProjectConfigurationPlatforms) = postSolution
		{C284778C-6A84-4887-AFC3-04700EEFAAB8}.Debug|Any CPU.ActiveCfg = Debug|Any CPU
		{C284778C-6A84-4887-AFC3-04700EEFAAB8}.Debug|Any CPU.Build.0 = Debug|Any CPU
		{C284778C-6A84-4887-AFC3-04700EEFAAB8}.Release|Any CPU.ActiveCfg = Release|Any CPU
		{C284778C-6A84-4887-AFC3-04700EEFAAB8}.Release|Any CPU.Build.0 = Release|Any CPU
		{D6802AD2-A6E1-4612-8F01-811E926A1D2E}.Debug|Any CPU.ActiveCfg = Debug|Any CPU
		{D6802AD2-A6E1-4612-8F01-811E926A1D2E}.Debug|Any CPU.Build.0 = Debug|Any CPU
		{D6802AD2-A6E1-4612-8F01-811E926A1D2E}.Release|Any CPU.ActiveCfg = Release|Any CPU
		{D6802AD2-A6E1-4612-8F01-811E926A1D2E}.Release|Any CPU.Build.0 = Release|Any CPU
	EndGlobalSection
	GlobalSection(SolutionProperties) = preSolution
		HideSolutionNode = FALSE
	EndGlobalSection
EndGlobal
